// !$*UTF8*$!
{
	archiveVersion = 1;
	classes = {
	};
	objectVersion = 46;
	objects = {

/* Begin PBXBuildFile section */
		476E37BD1E7B002E0058520A /* ping2View.h in Headers */ = {isa = PBXBuildFile; fileRef = 476E37BC1E7B002E0058520A /* ping2View.h */; };
		476E37BF1E7B002E0058520A /* ping2View.m in Sources */ = {isa = PBXBuildFile; fileRef = 476E37BE1E7B002E0058520A /* ping2View.m */; };
		47EFF9851E7C19390038B1AE /* ConfigureSheet.nib in Resources */ = {isa = PBXBuildFile; fileRef = 47EFF9841E7C19390038B1AE /* ConfigureSheet.nib */; };
/* End PBXBuildFile section */

/* Begin PBXFileReference section */
		476E37B91E7B002E0058520A /* ping2.saver */ = {isa = PBXFileReference; explicitFileType = wrapper.cfbundle; includeInIndex = 0; path = ping2.saver; sourceTree = BUILT_PRODUCTS_DIR; };
		476E37BC1E7B002E0058520A /* ping2View.h */ = {isa = PBXFileReference; lastKnownFileType = sourcecode.c.h; path = ping2View.h; sourceTree = "<group>"; };
		476E37BE1E7B002E0058520A /* ping2View.m */ = {isa = PBXFileReference; lastKnownFileType = sourcecode.c.objc; path = ping2View.m; sourceTree = "<group>"; };
		476E37C01E7B002E0058520A /* Info.plist */ = {isa = PBXFileReference; lastKnownFileType = text.plist.xml; path = Info.plist; sourceTree = "<group>"; };
		47EFF9841E7C19390038B1AE /* ConfigureSheet.nib */ = {isa = PBXFileReference; lastKnownFileType = wrapper.nib; name = ConfigureSheet.nib; path = ../../../Downloads/ConfigureSheet.nib; sourceTree = "<group>"; };
/* End PBXFileReference section */

/* Begin PBXFrameworksBuildPhase section */
		476E37B51E7B002E0058520A /* Frameworks */ = {
			isa = PBXFrameworksBuildPhase;
			buildActionMask = 2147483647;
			files = (
			);
			runOnlyForDeploymentPostprocessing = 0;
		};
/* End PBXFrameworksBuildPhase section */

/* Begin PBXGroup section */
		476E37AF1E7B002E0058520A = {
			isa = PBXGroup;
			children = (
				476E37BB1E7B002E0058520A /* ping2 */,
				476E37BA1E7B002E0058520A /* Products */,
			);
			sourceTree = "<group>";
		};
		476E37BA1E7B002E0058520A /* Products */ = {
			isa = PBXGroup;
			children = (
				476E37B91E7B002E0058520A /* ping2.saver */,
			);
			name = Products;
			sourceTree = "<group>";
		};
		476E37BB1E7B002E0058520A /* ping2 */ = {
			isa = PBXGroup;
			children = (
				47EFF9841E7C19390038B1AE /* ConfigureSheet.nib */,
				476E37BC1E7B002E0058520A /* ping2View.h */,
				476E37BE1E7B002E0058520A /* ping2View.m */,
				476E37C01E7B002E0058520A /* Info.plist */,
			);
			path = ping2;
			sourceTree = "<group>";
		};
/* End PBXGroup section */

/* Begin PBXHeadersBuildPhase section */
		476E37B61E7B002E0058520A /* Headers */ = {
			isa = PBXHeadersBuildPhase;
			buildActionMask = 2147483647;
			files = (
				476E37BD1E7B002E0058520A /* ping2View.h in Headers */,
			);
			runOnlyForDeploymentPostprocessing = 0;
		};
/* End PBXHeadersBuildPhase section */

/* Begin PBXNativeTarget section */
		476E37B81E7B002E0058520A /* ping2 */ = {
			isa = PBXNativeTarget;
			buildConfigurationList = 476E37C31E7B002E0058520A /* Build configuration list for PBXNativeTarget "ping2" */;
			buildPhases = (
				476E37B41E7B002E0058520A /* Sources */,
				476E37B51E7B002E0058520A /* Frameworks */,
				476E37B61E7B002E0058520A /* Headers */,
				476E37B71E7B002E0058520A /* Resources */,
			);
			buildRules = (
			);
			dependencies = (
			);
			name = ping2;
			productName = ping2;
			productReference = 476E37B91E7B002E0058520A /* ping2.saver */;
			productType = "com.apple.product-type.bundle";
		};
/* End PBXNativeTarget section */

/* Begin PBXProject section */
		476E37B01E7B002E0058520A /* Project object */ = {
			isa = PBXProject;
			attributes = {
				LastUpgradeCheck = 0820;
				ORGANIZATIONNAME = "tom billard";
				TargetAttributes = {
					476E37B81E7B002E0058520A = {
						CreatedOnToolsVersion = 8.2.1;
						ProvisioningStyle = Automatic;
					};
				};
			};
			buildConfigurationList = 476E37B31E7B002E0058520A /* Build configuration list for PBXProject "ping2" */;
			compatibilityVersion = "Xcode 3.2";
			developmentRegion = English;
			hasScannedForEncodings = 0;
			knownRegions = (
				en,
			);
			mainGroup = 476E37AF1E7B002E0058520A;
			productRefGroup = 476E37BA1E7B002E0058520A /* Products */;
			projectDirPath = "";
			projectRoot = "";
			targets = (
				476E37B81E7B002E0058520A /* ping2 */,
			);
		};
/* End PBXProject section */

/* Begin PBXResourcesBuildPhase section */
		476E37B71E7B002E0058520A /* Resources */ = {
			isa = PBXResourcesBuildPhase;
			buildActionMask = 2147483647;
			files = (
				47EFF9851E7C19390038B1AE /* ConfigureSheet.nib in Resources */,
			);
			runOnlyForDeploymentPostprocessing = 0;
		};
/* End PBXResourcesBuildPhase section */

/* Begin PBXSourcesBuildPhase section */
		476E37B41E7B002E0058520A /* Sources */ = {
			isa = PBXSourcesBuildPhase;
			buildActionMask = 2147483647;
			files = (
				476E37BF1E7B002E0058520A /* ping2View.m in Sources */,
			);
			runOnlyForDeploymentPostprocessing = 0;
		};
/* End PBXSourcesBuildPhase section */

/* Begin XCBuildConfiguration section */
		476E37C11E7B002E0058520A /* Debug */ = {
			isa = XCBuildConfiguration;
			buildSettings = {
				ALWAYS_SEARCH_USER_PATHS = NO;
				CLANG_ANALYZER_NONNULL = YES;
				CLANG_CXX_LANGUAGE_STANDARD = "gnu++0x";
				CLANG_CXX_LIBRARY = "libc++";
				CLANG_ENABLE_MODULES = YES;
				CLANG_ENABLE_OBJC_ARC = YES;
				CLANG_WARN_BOOL_CONVERSION = YES;
				CLANG_WARN_CONSTANT_CONVERSION = YES;
				CLANG_WARN_DIRECT_OBJC_ISA_USAGE = YES_ERROR;
				CLANG_WARN_DOCUMENTATION_COMMENTS = YES;
				CLANG_WARN_EMPTY_BODY = YES;
				CLANG_WARN_ENUM_CONVERSION = YES;
				CLANG_WARN_INFINITE_RECURSION = YES;
				CLANG_WARN_INT_CONVERSION = YES;
				CLANG_WARN_OBJC_ROOT_CLASS = YES_ERROR;
				CLANG_WARN_SUSPICIOUS_MOVE = YES;
				CLANG_WARN_UNREACHABLE_CODE = YES;
				CLANG_WARN__DUPLICATE_METHOD_MATCH = YES;
				CODE_SIGN_IDENTITY = "-";
				COPY_PHASE_STRIP = NO;
				DEBUG_INFORMATION_FORMAT = dwarf;
				ENABLE_STRICT_OBJC_MSGSEND = YES;
				ENABLE_TESTABILITY = YES;
				GCC_C_LANGUAGE_STANDARD = gnu99;
				GCC_DYNAMIC_NO_PIC = NO;
				GCC_NO_COMMON_BLOCKS = YES;
				GCC_OPTIMIZATION_LEVEL = 0;
				GCC_PREPROCESSOR_DEFINITIONS = (
					"DEBUG=1",
					"$(inherited)",
				);
				GCC_WARN_64_TO_32_BIT_CONVERSION = YES;
				GCC_WARN_ABOUT_RETURN_TYPE = YES_ERROR;
				GCC_WARN_UNDECLARED_SELECTOR = YES;
				GCC_WARN_UNINITIALIZED_AUTOS = YES_AGGRESSIVE;
				GCC_WARN_UNUSED_FUNCTION = YES;
				GCC_WARN_UNUSED_VARIABLE = YES;
				MACOSX_DEPLOYMENT_TARGET = 10.11;
				MTL_ENABLE_DEBUG_INFO = YES;
				ONLY_ACTIVE_ARCH = YES;
				SDKROOT = macosx;
			};
			name = Debug;
		};
		476E37C21E7B002E0058520A /* Release */ = {
			isa = XCBuildConfiguration;
			buildSettings = {
				ALWAYS_SEARCH_USER_PATHS = NO;
				CLANG_ANALYZER_NONNULL = YES;
				CLANG_CXX_LANGUAGE_STANDARD = "gnu++0x";
				CLANG_CXX_LIBRARY = "libc++";
				CLANG_ENABLE_MODULES = YES;
				CLANG_ENABLE_OBJC_ARC = YES;
				CLANG_WARN_BOOL_CONVERSION = YES;
				CLANG_WARN_CONSTANT_CONVERSION = YES;
				CLANG_WARN_DIRECT_OBJC_ISA_USAGE = YES_ERROR;
				CLANG_WARN_DOCUMENTATION_COMMENTS = YES;
				CLANG_WARN_EMPTY_BODY = YES;
				CLANG_WARN_ENUM_CONVERSION = YES;
				CLANG_WARN_INFINITE_RECURSION = YES;
				CLANG_WARN_INT_CONVERSION = YES;
				CLANG_WARN_OBJC_ROOT_CLASS = YES_ERROR;
				CLANG_WARN_SUSPICIOUS_MOVE = YES;
				CLANG_WARN_UNREACHABLE_CODE = YES;
				CLANG_WARN__DUPLICATE_METHOD_MATCH = YES;
				CODE_SIGN_IDENTITY = "-";
				COPY_PHASE_STRIP = NO;
				DEBUG_INFORMATION_FORMAT = "dwarf-with-dsym";
				ENABLE_NS_ASSERTIONS = NO;
				ENABLE_STRICT_OBJC_MSGSEND = YES;
				GCC_C_LANGUAGE_STANDARD = gnu99;
				GCC_NO_COMMON_BLOCKS = YES;
				GCC_WARN_64_TO_32_BIT_CONVERSION = YES;
				GCC_WARN_ABOUT_RETURN_TYPE = YES_ERROR;
				GCC_WARN_UNDECLARED_SELECTOR = YES;
				GCC_WARN_UNINITIALIZED_AUTOS = YES_AGGRESSIVE;
				GCC_WARN_UNUSED_FUNCTION = YES;
				GCC_WARN_UNUSED_VARIABLE = YES;
				MACOSX_DEPLOYMENT_TARGET = 10.11;
				MTL_ENABLE_DEBUG_INFO = NO;
				SDKROOT = macosx;
			};
			name = Release;
		};
		476E37C41E7B002E0058520A /* Debug */ = {
			isa = XCBuildConfiguration;
			buildSettings = {
				COMBINE_HIDPI_IMAGES = YES;
				INFOPLIST_FILE = ping2/Info.plist;
				INSTALL_PATH = "$(HOME)/Library/Screen Savers";
				PRODUCT_BUNDLE_IDENTIFIER = tom.ping2;
				PRODUCT_NAME = "$(TARGET_NAME)";
				WRAPPER_EXTENSION = saver;
			};
			name = Debug;
		};
		476E37C51E7B002E0058520A /* Release */ = {
			isa = XCBuildConfiguration;
			buildSettings = {
				COMBINE_HIDPI_IMAGES = YES;
				INFOPLIST_FILE = ping2/Info.plist;
				INSTALL_PATH = "$(HOME)/Library/Screen Savers";
				PRODUCT_BUNDLE_IDENTIFIER = tom.ping2;
				PRODUCT_NAME = "$(TARGET_NAME)";
				WRAPPER_EXTENSION = saver;
			};
			name = Release;
		};
/* End XCBuildConfiguration section */

/* Begin XCConfigurationList section */
		476E37B31E7B002E0058520A /* Build configuration list for PBXProject "ping2" */ = {
			isa = XCConfigurationList;
			buildConfigurations = (
				476E37C11E7B002E0058520A /* Debug */,
				476E37C21E7B002E0058520A /* Release */,
			);
			defaultConfigurationIsVisible = 0;
			defaultConfigurationName = Release;
		};
		476E37C31E7B002E0058520A /* Build configuration list for PBXNativeTarget "ping2" */ = {
			isa = XCConfigurationList;
			buildConfigurations = (
				476E37C41E7B002E0058520A /* Debug */,
				476E37C51E7B002E0058520A /* Release */,
			);
			defaultConfigurationIsVisible = 0;
			defaultConfigurationName = Release;
		};
/* End XCConfigurationList section */
	};
	rootObject = 476E37B01E7B002E0058520A /* Project object */;
}
